// !$*UTF8*$!
{
	archiveVersion = 1;
	classes = {
	};
	objectVersion = 50;
	objects = {

/* Begin PBXBuildFile section */
		B79805C3254FAB3F00A91F85 /* 014.svg in Resources */ = {isa = PBXBuildFile; fileRef = B79805B5254FAB3F00A91F85 /* 014.svg */; };
		B79805C4254FAB3F00A91F85 /* 004.svg in Resources */ = {isa = PBXBuildFile; fileRef = B79805B6254FAB3F00A91F85 /* 004.svg */; };
		B79805C5254FAB3F00A91F85 /* 009.svg in Resources */ = {isa = PBXBuildFile; fileRef = B79805B7254FAB3F00A91F85 /* 009.svg */; };
		B79805C6254FAB3F00A91F85 /* 013.svg in Resources */ = {isa = PBXBuildFile; fileRef = B79805B8254FAB3F00A91F85 /* 013.svg */; };
		B79805C7254FAB3F00A91F85 /* 001.svg in Resources */ = {isa = PBXBuildFile; fileRef = B79805B9254FAB3F00A91F85 /* 001.svg */; };
		B79805C8254FAB3F00A91F85 /* 011.svg in Resources */ = {isa = PBXBuildFile; fileRef = B79805BA254FAB3F00A91F85 /* 011.svg */; };
		B79805C9254FAB3F00A91F85 /* 010.svg in Resources */ = {isa = PBXBuildFile; fileRef = B79805BB254FAB3F00A91F85 /* 010.svg */; };
		B79805CA254FAB3F00A91F85 /* 002.svg in Resources */ = {isa = PBXBuildFile; fileRef = B79805BC254FAB3F00A91F85 /* 002.svg */; };
		B79805CB254FAB3F00A91F85 /* 012.svg in Resources */ = {isa = PBXBuildFile; fileRef = B79805BD254FAB3F00A91F85 /* 012.svg */; };
		B79805CC254FAB3F00A91F85 /* 003.svg in Resources */ = {isa = PBXBuildFile; fileRef = B79805BE254FAB3F00A91F85 /* 003.svg */; };
		B79805CD254FAB3F00A91F85 /* 008.svg in Resources */ = {isa = PBXBuildFile; fileRef = B79805BF254FAB3F00A91F85 /* 008.svg */; };
		B79805CE254FAB3F00A91F85 /* 007.svg in Resources */ = {isa = PBXBuildFile; fileRef = B79805C0254FAB3F00A91F85 /* 007.svg */; };
		B79805CF254FAB3F00A91F85 /* 005.svg in Resources */ = {isa = PBXBuildFile; fileRef = B79805C1254FAB3F00A91F85 /* 005.svg */; };
		B79805D0254FAB3F00A91F85 /* 006.svg in Resources */ = {isa = PBXBuildFile; fileRef = B79805C2254FAB3F00A91F85 /* 006.svg */; };
		B79805D5254FB16C00A91F85 /* Logger.swift in Sources */ = {isa = PBXBuildFile; fileRef = B79805D4254FB16C00A91F85 /* Logger.swift */; };
		B79805D8254FB27B00A91F85 /* SVGAttribute.swift in Sources */ = {isa = PBXBuildFile; fileRef = B79805D7254FB27B00A91F85 /* SVGAttribute.swift */; };
		B79805E9254FD13400A91F85 /* StringExtension.swift in Sources */ = {isa = PBXBuildFile; fileRef = B79805E8254FD13400A91F85 /* StringExtension.swift */; };
		B79805F2254FDEEE00A91F85 /* SVGPathType.swift in Sources */ = {isa = PBXBuildFile; fileRef = B79805F1254FDEEE00A91F85 /* SVGPathType.swift */; };
		B79805F6254FE21700A91F85 /* SVGCalculationType.swift in Sources */ = {isa = PBXBuildFile; fileRef = B79805F5254FE21700A91F85 /* SVGCalculationType.swift */; };
		B7FA7A0A254FA8C4002D6EB0 /* AppDelegate.swift in Sources */ = {isa = PBXBuildFile; fileRef = B7FA7A09254FA8C4002D6EB0 /* AppDelegate.swift */; };
		B7FA7A0C254FA8C4002D6EB0 /* SceneDelegate.swift in Sources */ = {isa = PBXBuildFile; fileRef = B7FA7A0B254FA8C4002D6EB0 /* SceneDelegate.swift */; };
		B7FA7A0E254FA8C4002D6EB0 /* ViewController.swift in Sources */ = {isa = PBXBuildFile; fileRef = B7FA7A0D254FA8C4002D6EB0 /* ViewController.swift */; };
		B7FA7A11254FA8C4002D6EB0 /* Main.storyboard in Resources */ = {isa = PBXBuildFile; fileRef = B7FA7A0F254FA8C4002D6EB0 /* Main.storyboard */; };
		B7FA7A13254FA8C4002D6EB0 /* Assets.xcassets in Resources */ = {isa = PBXBuildFile; fileRef = B7FA7A12254FA8C4002D6EB0 /* Assets.xcassets */; };
		B7FA7A16254FA8C4002D6EB0 /* LaunchScreen.storyboard in Resources */ = {isa = PBXBuildFile; fileRef = B7FA7A14254FA8C4002D6EB0 /* LaunchScreen.storyboard */; };
		B7FA7A24254FA977002D6EB0 /* SVGElement.swift in Sources */ = {isa = PBXBuildFile; fileRef = B7FA7A23254FA977002D6EB0 /* SVGElement.swift */; };
		B7FA7A28254FA998002D6EB0 /* SVGElementType.swift in Sources */ = {isa = PBXBuildFile; fileRef = B7FA7A27254FA998002D6EB0 /* SVGElementType.swift */; };
		B7FA7A2B254FA9A7002D6EB0 /* SVGGroup.swift in Sources */ = {isa = PBXBuildFile; fileRef = B7FA7A2A254FA9A7002D6EB0 /* SVGGroup.swift */; };
		B7FA7A2E254FA9C6002D6EB0 /* SVGPath.swift in Sources */ = {isa = PBXBuildFile; fileRef = B7FA7A2D254FA9C6002D6EB0 /* SVGPath.swift */; };
		B7FA7A31254FA9E5002D6EB0 /* SVGContainer.swift in Sources */ = {isa = PBXBuildFile; fileRef = B7FA7A30254FA9E5002D6EB0 /* SVGContainer.swift */; };
		B7FA7A34254FA9FC002D6EB0 /* SVGParser.swift in Sources */ = {isa = PBXBuildFile; fileRef = B7FA7A33254FA9FC002D6EB0 /* SVGParser.swift */; };
		B7FA7A38254FAA4C002D6EB0 /* DataManager.swift in Sources */ = {isa = PBXBuildFile; fileRef = B7FA7A37254FAA4C002D6EB0 /* DataManager.swift */; };
/* End PBXBuildFile section */

/* Begin PBXFileReference section */
		B79805B5254FAB3F00A91F85 /* 014.svg */ = {isa = PBXFileReference; fileEncoding = 4; lastKnownFileType = text; path = 014.svg; sourceTree = "<group>"; };
		B79805B6254FAB3F00A91F85 /* 004.svg */ = {isa = PBXFileReference; fileEncoding = 4; lastKnownFileType = text; path = 004.svg; sourceTree = "<group>"; };
		B79805B7254FAB3F00A91F85 /* 009.svg */ = {isa = PBXFileReference; fileEncoding = 4; lastKnownFileType = text; path = 009.svg; sourceTree = "<group>"; };
		B79805B8254FAB3F00A91F85 /* 013.svg */ = {isa = PBXFileReference; fileEncoding = 4; lastKnownFileType = text.xml; path = 013.svg; sourceTree = "<group>"; };
		B79805B9254FAB3F00A91F85 /* 001.svg */ = {isa = PBXFileReference; fileEncoding = 4; lastKnownFileType = text; path = 001.svg; sourceTree = "<group>"; };
		B79805BA254FAB3F00A91F85 /* 011.svg */ = {isa = PBXFileReference; fileEncoding = 4; lastKnownFileType = text; path = 011.svg; sourceTree = "<group>"; };
		B79805BB254FAB3F00A91F85 /* 010.svg */ = {isa = PBXFileReference; fileEncoding = 4; lastKnownFileType = text; path = 010.svg; sourceTree = "<group>"; };
		B79805BC254FAB3F00A91F85 /* 002.svg */ = {isa = PBXFileReference; fileEncoding = 4; lastKnownFileType = text; path = 002.svg; sourceTree = "<group>"; };
		B79805BD254FAB3F00A91F85 /* 012.svg */ = {isa = PBXFileReference; fileEncoding = 4; lastKnownFileType = text; path = 012.svg; sourceTree = "<group>"; };
		B79805BE254FAB3F00A91F85 /* 003.svg */ = {isa = PBXFileReference; fileEncoding = 4; lastKnownFileType = text.xml; path = 003.svg; sourceTree = "<group>"; };
		B79805BF254FAB3F00A91F85 /* 008.svg */ = {isa = PBXFileReference; fileEncoding = 4; lastKnownFileType = text; path = 008.svg; sourceTree = "<group>"; };
		B79805C0254FAB3F00A91F85 /* 007.svg */ = {isa = PBXFileReference; fileEncoding = 4; lastKnownFileType = text; path = 007.svg; sourceTree = "<group>"; };
		B79805C1254FAB3F00A91F85 /* 005.svg */ = {isa = PBXFileReference; fileEncoding = 4; lastKnownFileType = text.xml; path = 005.svg; sourceTree = "<group>"; };
		B79805C2254FAB3F00A91F85 /* 006.svg */ = {isa = PBXFileReference; fileEncoding = 4; lastKnownFileType = text.xml; path = 006.svg; sourceTree = "<group>"; };
		B79805D4254FB16C00A91F85 /* Logger.swift */ = {isa = PBXFileReference; fileEncoding = 4; lastKnownFileType = sourcecode.swift; path = Logger.swift; sourceTree = "<group>"; };
		B79805D7254FB27B00A91F85 /* SVGAttribute.swift */ = {isa = PBXFileReference; lastKnownFileType = sourcecode.swift; path = SVGAttribute.swift; sourceTree = "<group>"; };
		B79805E8254FD13400A91F85 /* StringExtension.swift */ = {isa = PBXFileReference; lastKnownFileType = sourcecode.swift; path = StringExtension.swift; sourceTree = "<group>"; };
		B79805F1254FDEEE00A91F85 /* SVGPathType.swift */ = {isa = PBXFileReference; lastKnownFileType = sourcecode.swift; path = SVGPathType.swift; sourceTree = "<group>"; };
		B79805F5254FE21700A91F85 /* SVGCalculationType.swift */ = {isa = PBXFileReference; fileEncoding = 4; lastKnownFileType = sourcecode.swift; path = SVGCalculationType.swift; sourceTree = "<group>"; };
		B7FA7A06254FA8C4002D6EB0 /* SVGParser.app */ = {isa = PBXFileReference; explicitFileType = wrapper.application; includeInIndex = 0; path = SVGParser.app; sourceTree = BUILT_PRODUCTS_DIR; };
		B7FA7A09254FA8C4002D6EB0 /* AppDelegate.swift */ = {isa = PBXFileReference; lastKnownFileType = sourcecode.swift; path = AppDelegate.swift; sourceTree = "<group>"; };
		B7FA7A0B254FA8C4002D6EB0 /* SceneDelegate.swift */ = {isa = PBXFileReference; lastKnownFileType = sourcecode.swift; path = SceneDelegate.swift; sourceTree = "<group>"; };
		B7FA7A0D254FA8C4002D6EB0 /* ViewController.swift */ = {isa = PBXFileReference; lastKnownFileType = sourcecode.swift; path = ViewController.swift; sourceTree = "<group>"; };
		B7FA7A10254FA8C4002D6EB0 /* Base */ = {isa = PBXFileReference; lastKnownFileType = file.storyboard; name = Base; path = Base.lproj/Main.storyboard; sourceTree = "<group>"; };
		B7FA7A12254FA8C4002D6EB0 /* Assets.xcassets */ = {isa = PBXFileReference; lastKnownFileType = folder.assetcatalog; path = Assets.xcassets; sourceTree = "<group>"; };
		B7FA7A15254FA8C4002D6EB0 /* Base */ = {isa = PBXFileReference; lastKnownFileType = file.storyboard; name = Base; path = Base.lproj/LaunchScreen.storyboard; sourceTree = "<group>"; };
		B7FA7A17254FA8C4002D6EB0 /* Info.plist */ = {isa = PBXFileReference; lastKnownFileType = text.plist.xml; path = Info.plist; sourceTree = "<group>"; };
		B7FA7A23254FA977002D6EB0 /* SVGElement.swift */ = {isa = PBXFileReference; lastKnownFileType = sourcecode.swift; path = SVGElement.swift; sourceTree = "<group>"; };
		B7FA7A27254FA998002D6EB0 /* SVGElementType.swift */ = {isa = PBXFileReference; lastKnownFileType = sourcecode.swift; path = SVGElementType.swift; sourceTree = "<group>"; };
		B7FA7A2A254FA9A7002D6EB0 /* SVGGroup.swift */ = {isa = PBXFileReference; lastKnownFileType = sourcecode.swift; path = SVGGroup.swift; sourceTree = "<group>"; };
		B7FA7A2D254FA9C6002D6EB0 /* SVGPath.swift */ = {isa = PBXFileReference; lastKnownFileType = sourcecode.swift; path = SVGPath.swift; sourceTree = "<group>"; };
		B7FA7A30254FA9E5002D6EB0 /* SVGContainer.swift */ = {isa = PBXFileReference; lastKnownFileType = sourcecode.swift; path = SVGContainer.swift; sourceTree = "<group>"; };
		B7FA7A33254FA9FC002D6EB0 /* SVGParser.swift */ = {isa = PBXFileReference; lastKnownFileType = sourcecode.swift; path = SVGParser.swift; sourceTree = "<group>"; };
		B7FA7A37254FAA4C002D6EB0 /* DataManager.swift */ = {isa = PBXFileReference; lastKnownFileType = sourcecode.swift; path = DataManager.swift; sourceTree = "<group>"; };
/* End PBXFileReference section */

/* Begin PBXFrameworksBuildPhase section */
		B7FA7A03254FA8C4002D6EB0 /* Frameworks */ = {
			isa = PBXFrameworksBuildPhase;
			buildActionMask = 2147483647;
			files = (
			);
			runOnlyForDeploymentPostprocessing = 0;
		};
/* End PBXFrameworksBuildPhase section */

/* Begin PBXGroup section */
		B79805B4254FAB3400A91F85 /* SVGs */ = {
			isa = PBXGroup;
			children = (
				B79805B9254FAB3F00A91F85 /* 001.svg */,
				B79805BC254FAB3F00A91F85 /* 002.svg */,
				B79805BE254FAB3F00A91F85 /* 003.svg */,
				B79805B6254FAB3F00A91F85 /* 004.svg */,
				B79805C1254FAB3F00A91F85 /* 005.svg */,
				B79805C2254FAB3F00A91F85 /* 006.svg */,
				B79805C0254FAB3F00A91F85 /* 007.svg */,
				B79805BF254FAB3F00A91F85 /* 008.svg */,
				B79805B7254FAB3F00A91F85 /* 009.svg */,
				B79805BB254FAB3F00A91F85 /* 010.svg */,
				B79805BA254FAB3F00A91F85 /* 011.svg */,
				B79805BD254FAB3F00A91F85 /* 012.svg */,
				B79805B8254FAB3F00A91F85 /* 013.svg */,
				B79805B5254FAB3F00A91F85 /* 014.svg */,
			);
			path = SVGs;
			sourceTree = "<group>";
		};
		B79805E7254FD0FA00A91F85 /* Extension */ = {
			isa = PBXGroup;
			children = (
				B79805E8254FD13400A91F85 /* StringExtension.swift */,
			);
			path = Extension;
			sourceTree = "<group>";
		};
		B7FA79FD254FA8C4002D6EB0 = {
			isa = PBXGroup;
			children = (
				B7FA7A08254FA8C4002D6EB0 /* SVGParser */,
				B7FA7A07254FA8C4002D6EB0 /* Products */,
			);
			sourceTree = "<group>";
		};
		B7FA7A07254FA8C4002D6EB0 /* Products */ = {
			isa = PBXGroup;
			children = (
				B7FA7A06254FA8C4002D6EB0 /* SVGParser.app */,
			);
			name = Products;
			sourceTree = "<group>";
		};
		B7FA7A08254FA8C4002D6EB0 /* SVGParser */ = {
			isa = PBXGroup;
			children = (
				B7FA7A09254FA8C4002D6EB0 /* AppDelegate.swift */,
				B7FA7A0B254FA8C4002D6EB0 /* SceneDelegate.swift */,
				B7FA7A14254FA8C4002D6EB0 /* LaunchScreen.storyboard */,
				B7FA7A1E254FA8CB002D6EB0 /* Main */,
				B7FA7A1F254FA8E4002D6EB0 /* Util */,
				B79805B4254FAB3400A91F85 /* SVGs */,
				B7FA7A12254FA8C4002D6EB0 /* Assets.xcassets */,
				B7FA7A17254FA8C4002D6EB0 /* Info.plist */,
			);
			path = SVGParser;
			sourceTree = "<group>";
		};
		B7FA7A1E254FA8CB002D6EB0 /* Main */ = {
			isa = PBXGroup;
			children = (
				B7FA7A0F254FA8C4002D6EB0 /* Main.storyboard */,
				B7FA7A0D254FA8C4002D6EB0 /* ViewController.swift */,
				B7FA7A37254FAA4C002D6EB0 /* DataManager.swift */,
			);
			path = Main;
			sourceTree = "<group>";
		};
		B7FA7A1F254FA8E4002D6EB0 /* Util */ = {
			isa = PBXGroup;
			children = (
				B79805D4254FB16C00A91F85 /* Logger.swift */,
				B79805E7254FD0FA00A91F85 /* Extension */,
				B7FA7A20254FA8EE002D6EB0 /* SVGParser */,
			);
			path = Util;
			sourceTree = "<group>";
		};
		B7FA7A20254FA8EE002D6EB0 /* SVGParser */ = {
			isa = PBXGroup;
			children = (
				B7FA7A33254FA9FC002D6EB0 /* SVGParser.swift */,
				B7FA7A22254FA966002D6EB0 /* Model */,
			);
			path = SVGParser;
			sourceTree = "<group>";
		};
		B7FA7A22254FA966002D6EB0 /* Model */ = {
			isa = PBXGroup;
			children = (
				B7FA7A23254FA977002D6EB0 /* SVGElement.swift */,
				B7FA7A27254FA998002D6EB0 /* SVGElementType.swift */,
				B79805D7254FB27B00A91F85 /* SVGAttribute.swift */,
				B7FA7A30254FA9E5002D6EB0 /* SVGContainer.swift */,
				B7FA7A2A254FA9A7002D6EB0 /* SVGGroup.swift */,
				B7FA7A2D254FA9C6002D6EB0 /* SVGPath.swift */,
				B79805F1254FDEEE00A91F85 /* SVGPathType.swift */,
				B79805F5254FE21700A91F85 /* SVGCalculationType.swift */,
			);
			path = Model;
			sourceTree = "<group>";
		};
/* End PBXGroup section */

/* Begin PBXNativeTarget section */
		B7FA7A05254FA8C4002D6EB0 /* SVGParser */ = {
			isa = PBXNativeTarget;
			buildConfigurationList = B7FA7A1A254FA8C4002D6EB0 /* Build configuration list for PBXNativeTarget "SVGParser" */;
			buildPhases = (
				B7FA7A02254FA8C4002D6EB0 /* Sources */,
				B7FA7A03254FA8C4002D6EB0 /* Frameworks */,
				B7FA7A04254FA8C4002D6EB0 /* Resources */,
			);
			buildRules = (
			);
			dependencies = (
			);
			name = SVGParser;
			productName = SVGParser;
			productReference = B7FA7A06254FA8C4002D6EB0 /* SVGParser.app */;
			productType = "com.apple.product-type.application";
		};
/* End PBXNativeTarget section */

/* Begin PBXProject section */
		B7FA79FE254FA8C4002D6EB0 /* Project object */ = {
			isa = PBXProject;
			attributes = {
				LastSwiftUpdateCheck = 1210;
				LastUpgradeCheck = 1210;
				TargetAttributes = {
					B7FA7A05254FA8C4002D6EB0 = {
						CreatedOnToolsVersion = 12.1;
					};
				};
			};
			buildConfigurationList = B7FA7A01254FA8C4002D6EB0 /* Build configuration list for PBXProject "SVGParser" */;
			compatibilityVersion = "Xcode 9.3";
			developmentRegion = en;
			hasScannedForEncodings = 0;
			knownRegions = (
				en,
				Base,
			);
			mainGroup = B7FA79FD254FA8C4002D6EB0;
			productRefGroup = B7FA7A07254FA8C4002D6EB0 /* Products */;
			projectDirPath = "";
			projectRoot = "";
			targets = (
				B7FA7A05254FA8C4002D6EB0 /* SVGParser */,
			);
		};
/* End PBXProject section */

/* Begin PBXResourcesBuildPhase section */
		B7FA7A04254FA8C4002D6EB0 /* Resources */ = {
			isa = PBXResourcesBuildPhase;
			buildActionMask = 2147483647;
			files = (
				B79805CE254FAB3F00A91F85 /* 007.svg in Resources */,
				B79805CB254FAB3F00A91F85 /* 012.svg in Resources */,
				B79805C9254FAB3F00A91F85 /* 010.svg in Resources */,
				B79805C8254FAB3F00A91F85 /* 011.svg in Resources */,
				B79805C5254FAB3F00A91F85 /* 009.svg in Resources */,
				B79805CA254FAB3F00A91F85 /* 002.svg in Resources */,
				B79805CD254FAB3F00A91F85 /* 008.svg in Resources */,
				B79805D0254FAB3F00A91F85 /* 006.svg in Resources */,
				B7FA7A16254FA8C4002D6EB0 /* LaunchScreen.storyboard in Resources */,
				B7FA7A13254FA8C4002D6EB0 /* Assets.xcassets in Resources */,
				B79805C3254FAB3F00A91F85 /* 014.svg in Resources */,
				B79805CF254FAB3F00A91F85 /* 005.svg in Resources */,
				B79805C4254FAB3F00A91F85 /* 004.svg in Resources */,
				B79805C6254FAB3F00A91F85 /* 013.svg in Resources */,
				B79805CC254FAB3F00A91F85 /* 003.svg in Resources */,
				B79805C7254FAB3F00A91F85 /* 001.svg in Resources */,
				B7FA7A11254FA8C4002D6EB0 /* Main.storyboard in Resources */,
			);
			runOnlyForDeploymentPostprocessing = 0;
		};
/* End PBXResourcesBuildPhase section */

/* Begin PBXSourcesBuildPhase section */
		B7FA7A02254FA8C4002D6EB0 /* Sources */ = {
			isa = PBXSourcesBuildPhase;
			buildActionMask = 2147483647;
			files = (
				B7FA7A2B254FA9A7002D6EB0 /* SVGGroup.swift in Sources */,
				B79805D5254FB16C00A91F85 /* Logger.swift in Sources */,
				B7FA7A38254FAA4C002D6EB0 /* DataManager.swift in Sources */,
				B7FA7A0E254FA8C4002D6EB0 /* ViewController.swift in Sources */,
				B7FA7A24254FA977002D6EB0 /* SVGElement.swift in Sources */,
				B79805F6254FE21700A91F85 /* SVGCalculationType.swift in Sources */,
				B7FA7A2E254FA9C6002D6EB0 /* SVGPath.swift in Sources */,
				B79805D8254FB27B00A91F85 /* SVGAttribute.swift in Sources */,
				B79805E9254FD13400A91F85 /* StringExtension.swift in Sources */,
				B7FA7A31254FA9E5002D6EB0 /* SVGContainer.swift in Sources */,
				B7FA7A34254FA9FC002D6EB0 /* SVGParser.swift in Sources */,
				B7FA7A0A254FA8C4002D6EB0 /* AppDelegate.swift in Sources */,
				B79805F2254FDEEE00A91F85 /* SVGPathType.swift in Sources */,
				B7FA7A28254FA998002D6EB0 /* SVGElementType.swift in Sources */,
				B7FA7A0C254FA8C4002D6EB0 /* SceneDelegate.swift in Sources */,
			);
			runOnlyForDeploymentPostprocessing = 0;
		};
/* End PBXSourcesBuildPhase section */

/* Begin PBXVariantGroup section */
		B7FA7A0F254FA8C4002D6EB0 /* Main.storyboard */ = {
			isa = PBXVariantGroup;
			children = (
				B7FA7A10254FA8C4002D6EB0 /* Base */,
			);
			name = Main.storyboard;
			sourceTree = "<group>";
		};
		B7FA7A14254FA8C4002D6EB0 /* LaunchScreen.storyboard */ = {
			isa = PBXVariantGroup;
			children = (
				B7FA7A15254FA8C4002D6EB0 /* Base */,
			);
			name = LaunchScreen.storyboard;
			sourceTree = "<group>";
		};
/* End PBXVariantGroup section */

/* Begin XCBuildConfiguration section */
		B7FA7A18254FA8C4002D6EB0 /* Debug */ = {
			isa = XCBuildConfiguration;
			buildSettings = {
				ALWAYS_SEARCH_USER_PATHS = NO;
				CLANG_ANALYZER_NONNULL = YES;
				CLANG_ANALYZER_NUMBER_OBJECT_CONVERSION = YES_AGGRESSIVE;
				CLANG_CXX_LANGUAGE_STANDARD = "gnu++14";
				CLANG_CXX_LIBRARY = "libc++";
				CLANG_ENABLE_MODULES = YES;
				CLANG_ENABLE_OBJC_ARC = YES;
				CLANG_ENABLE_OBJC_WEAK = YES;
				CLANG_WARN_BLOCK_CAPTURE_AUTORELEASING = YES;
				CLANG_WARN_BOOL_CONVERSION = YES;
				CLANG_WARN_COMMA = YES;
				CLANG_WARN_CONSTANT_CONVERSION = YES;
				CLANG_WARN_DEPRECATED_OBJC_IMPLEMENTATIONS = YES;
				CLANG_WARN_DIRECT_OBJC_ISA_USAGE = YES_ERROR;
				CLANG_WARN_DOCUMENTATION_COMMENTS = YES;
				CLANG_WARN_EMPTY_BODY = YES;
				CLANG_WARN_ENUM_CONVERSION = YES;
				CLANG_WARN_INFINITE_RECURSION = YES;
				CLANG_WARN_INT_CONVERSION = YES;
				CLANG_WARN_NON_LITERAL_NULL_CONVERSION = YES;
				CLANG_WARN_OBJC_IMPLICIT_RETAIN_SELF = YES;
				CLANG_WARN_OBJC_LITERAL_CONVERSION = YES;
				CLANG_WARN_OBJC_ROOT_CLASS = YES_ERROR;
				CLANG_WARN_QUOTED_INCLUDE_IN_FRAMEWORK_HEADER = YES;
				CLANG_WARN_RANGE_LOOP_ANALYSIS = YES;
				CLANG_WARN_STRICT_PROTOTYPES = YES;
				CLANG_WARN_SUSPICIOUS_MOVE = YES;
				CLANG_WARN_UNGUARDED_AVAILABILITY = YES_AGGRESSIVE;
				CLANG_WARN_UNREACHABLE_CODE = YES;
				CLANG_WARN__DUPLICATE_METHOD_MATCH = YES;
				COPY_PHASE_STRIP = NO;
				DEBUG_INFORMATION_FORMAT = dwarf;
				ENABLE_STRICT_OBJC_MSGSEND = YES;
				ENABLE_TESTABILITY = YES;
				GCC_C_LANGUAGE_STANDARD = gnu11;
				GCC_DYNAMIC_NO_PIC = NO;
				GCC_NO_COMMON_BLOCKS = YES;
				GCC_OPTIMIZATION_LEVEL = 0;
				GCC_PREPROCESSOR_DEFINITIONS = (
					"DEBUG=1",
					"$(inherited)",
				);
				GCC_WARN_64_TO_32_BIT_CONVERSION = YES;
				GCC_WARN_ABOUT_RETURN_TYPE = YES_ERROR;
				GCC_WARN_UNDECLARED_SELECTOR = YES;
				GCC_WARN_UNINITIALIZED_AUTOS = YES_AGGRESSIVE;
				GCC_WARN_UNUSED_FUNCTION = YES;
				GCC_WARN_UNUSED_VARIABLE = YES;
				IPHONEOS_DEPLOYMENT_TARGET = 12.0;
				MTL_ENABLE_DEBUG_INFO = INCLUDE_SOURCE;
				MTL_FAST_MATH = YES;
				ONLY_ACTIVE_ARCH = YES;
				SDKROOT = iphoneos;
				SWIFT_ACTIVE_COMPILATION_CONDITIONS = DEBUG;
				SWIFT_OPTIMIZATION_LEVEL = "-Onone";
			};
			name = Debug;
		};
		B7FA7A19254FA8C4002D6EB0 /* Release */ = {
			isa = XCBuildConfiguration;
			buildSettings = {
				ALWAYS_SEARCH_USER_PATHS = NO;
				CLANG_ANALYZER_NONNULL = YES;
				CLANG_ANALYZER_NUMBER_OBJECT_CONVERSION = YES_AGGRESSIVE;
				CLANG_CXX_LANGUAGE_STANDARD = "gnu++14";
				CLANG_CXX_LIBRARY = "libc++";
				CLANG_ENABLE_MODULES = YES;
				CLANG_ENABLE_OBJC_ARC = YES;
				CLANG_ENABLE_OBJC_WEAK = YES;
				CLANG_WARN_BLOCK_CAPTURE_AUTORELEASING = YES;
				CLANG_WARN_BOOL_CONVERSION = YES;
				CLANG_WARN_COMMA = YES;
				CLANG_WARN_CONSTANT_CONVERSION = YES;
				CLANG_WARN_DEPRECATED_OBJC_IMPLEMENTATIONS = YES;
				CLANG_WARN_DIRECT_OBJC_ISA_USAGE = YES_ERROR;
				CLANG_WARN_DOCUMENTATION_COMMENTS = YES;
				CLANG_WARN_EMPTY_BODY = YES;
				CLANG_WARN_ENUM_CONVERSION = YES;
				CLANG_WARN_INFINITE_RECURSION = YES;
				CLANG_WARN_INT_CONVERSION = YES;
				CLANG_WARN_NON_LITERAL_NULL_CONVERSION = YES;
				CLANG_WARN_OBJC_IMPLICIT_RETAIN_SELF = YES;
				CLANG_WARN_OBJC_LITERAL_CONVERSION = YES;
				CLANG_WARN_OBJC_ROOT_CLASS = YES_ERROR;
				CLANG_WARN_QUOTED_INCLUDE_IN_FRAMEWORK_HEADER = YES;
				CLANG_WARN_RANGE_LOOP_ANALYSIS = YES;
				CLANG_WARN_STRICT_PROTOTYPES = YES;
				CLANG_WARN_SUSPICIOUS_MOVE = YES;
				CLANG_WARN_UNGUARDED_AVAILABILITY = YES_AGGRESSIVE;
				CLANG_WARN_UNREACHABLE_CODE = YES;
				CLANG_WARN__DUPLICATE_METHOD_MATCH = YES;
				COPY_PHASE_STRIP = NO;
				DEBUG_INFORMATION_FORMAT = "dwarf-with-dsym";
				ENABLE_NS_ASSERTIONS = NO;
				ENABLE_STRICT_OBJC_MSGSEND = YES;
				GCC_C_LANGUAGE_STANDARD = gnu11;
				GCC_NO_COMMON_BLOCKS = YES;
				GCC_WARN_64_TO_32_BIT_CONVERSION = YES;
				GCC_WARN_ABOUT_RETURN_TYPE = YES_ERROR;
				GCC_WARN_UNDECLARED_SELECTOR = YES;
				GCC_WARN_UNINITIALIZED_AUTOS = YES_AGGRESSIVE;
				GCC_WARN_UNUSED_FUNCTION = YES;
				GCC_WARN_UNUSED_VARIABLE = YES;
				IPHONEOS_DEPLOYMENT_TARGET = 12.0;
				MTL_ENABLE_DEBUG_INFO = NO;
				MTL_FAST_MATH = YES;
				SDKROOT = iphoneos;
				SWIFT_COMPILATION_MODE = wholemodule;
				SWIFT_OPTIMIZATION_LEVEL = "-O";
				VALIDATE_PRODUCT = YES;
			};
			name = Release;
		};
		B7FA7A1B254FA8C4002D6EB0 /* Debug */ = {
			isa = XCBuildConfiguration;
			buildSettings = {
				ASSETCATALOG_COMPILER_APPICON_NAME = AppIcon;
				ASSETCATALOG_COMPILER_GLOBAL_ACCENT_COLOR_NAME = AccentColor;
				CODE_SIGN_STYLE = Automatic;
				CURRENT_PROJECT_VERSION = 0;
				INFOPLIST_FILE = SVGParser/Info.plist;
				LD_RUNPATH_SEARCH_PATHS = (
					"$(inherited)",
					"@executable_path/Frameworks",
				);
				MARKETING_VERSION = 1.0.0;
				PRODUCT_BUNDLE_IDENTIFIER = com.nilotic.SVGParser;
				PRODUCT_NAME = "$(TARGET_NAME)";
				SWIFT_VERSION = 5.0;
				TARGETED_DEVICE_FAMILY = "1,2";
			};
			name = Debug;
		};
		B7FA7A1C254FA8C4002D6EB0 /* Release */ = {
			isa = XCBuildConfiguration;
			buildSettings = {
				ASSETCATALOG_COMPILER_APPICON_NAME = AppIcon;
				ASSETCATALOG_COMPILER_GLOBAL_ACCENT_COLOR_NAME = AccentColor;
				CODE_SIGN_STYLE = Automatic;
				CURRENT_PROJECT_VERSION = 0;
				INFOPLIST_FILE = SVGParser/Info.plist;
				LD_RUNPATH_SEARCH_PATHS = (
					"$(inherited)",
					"@executable_path/Frameworks",
				);
				MARKETING_VERSION = 1.0.0;
				PRODUCT_BUNDLE_IDENTIFIER = com.nilotic.SVGParser;
				PRODUCT_NAME = "$(TARGET_NAME)";
				SWIFT_VERSION = 5.0;
				TARGETED_DEVICE_FAMILY = "1,2";
			};
			name = Release;
		};
/* End XCBuildConfiguration section */

/* Begin XCConfigurationList section */
		B7FA7A01254FA8C4002D6EB0 /* Build configuration list for PBXProject "SVGParser" */ = {
			isa = XCConfigurationList;
			buildConfigurations = (
				B7FA7A18254FA8C4002D6EB0 /* Debug */,
				B7FA7A19254FA8C4002D6EB0 /* Release */,
			);
			defaultConfigurationIsVisible = 0;
			defaultConfigurationName = Release;
		};
		B7FA7A1A254FA8C4002D6EB0 /* Build configuration list for PBXNativeTarget "SVGParser" */ = {
			isa = XCConfigurationList;
			buildConfigurations = (
				B7FA7A1B254FA8C4002D6EB0 /* Debug */,
				B7FA7A1C254FA8C4002D6EB0 /* Release */,
			);
			defaultConfigurationIsVisible = 0;
			defaultConfigurationName = Release;
		};
/* End XCConfigurationList section */
	};
	rootObject = B7FA79FE254FA8C4002D6EB0 /* Project object */;
}
